PODS:
  - IntentKit (0.7.5):
    - IntentKit/Core (= 0.7.5)
    - IntentKit/Facebook (= 0.7.5)
    - IntentKit/GPlus (= 0.7.5)
    - IntentKit/Mail (= 0.7.5)
    - IntentKit/Maps (= 0.7.5)
    - IntentKit/Twitter (= 0.7.5)
  - IntentKit/Core (0.7.5):
    - MWLayoutHelpers
  - IntentKit/Facebook (0.7.5):
    - IntentKit/Core
  - IntentKit/GPlus (0.7.5):
    - IntentKit/Core
  - IntentKit/Mail (0.7.5):
    - IntentKit/Core
  - IntentKit/Maps (0.7.5):
    - IntentKit/Core
  - IntentKit/Twitter (0.7.5):
    - IntentKit/Core
  - Keys (1.0.0)
  - MWLayoutHelpers (1.1.0)
  - SQLite.swift (0.10.1)

DEPENDENCIES:
  - IntentKit (~> 0.7)
  - Keys (from `Pods/CocoaPodsKeys`)
  - SQLite.swift (~> 0.10)

EXTERNAL SOURCES:
  Keys:
    :path: Pods/CocoaPodsKeys

SPEC CHECKSUMS:
  IntentKit: 8a571042a944d82372770a564bc77d98dc84e283
  Keys: 9c35bf00f612ee1d48556f4a4b9b4551e224e90f
  MWLayoutHelpers: 8af2eedae30fe06b75106b7be28b9fee1298512a
  SQLite.swift: 6a6e4b034efc317ce4e203b6af2d3024fee2b570

PODFILE CHECKSUM: 9c5eabc98e20198771c2a1f8687207ccbfe73eee

COCOAPODS: 1.1.0.rc.2
